Microsoft Visual Studio Solution File, Format Version 12.00
# Visual Studio Version 16
VisualStudioVersion = 16.0.29911.84
MinimumVisualStudioVersion = 10.0.40219.1
Project("{9A19103F-16F7-4668-BE54-9A1E7A4F7556}") = "OrderTracker", "OrderTracker\OrderTracker.csproj", "{B031560E-12DF-4041-A7C8-E2091C7085C7}"
EndProject
Global
	GlobalSection(SolutionConfigurationPlatforms) = preSolution
		Debug|Any CPU = Debug|Any CPU
		Release|Any CPU = Release|Any CPU
	EndGlobalSection
	GlobalSection(ProjectConfigurationPlatforms) = postSolution
		{B031560E-12DF-4041-A7C8-E2091C7085C7}.Debug|Any CPU.ActiveCfg = Debug|Any CPU
		{B031560E-12DF-4041-A7C8-E2091C7085C7}.Debug|Any CPU.Build.0 = Debug|Any CPU
		{B031560E-12DF-4041-A7C8-E2091C7085C7}.Release|Any CPU.ActiveCfg = Release|Any CPU
		{B031560E-12DF-4041-A7C8-E2091C7085C7}.Release|Any CPU.Build.0 = Release|Any CPU
	EndGlobalSection
	GlobalSection(SolutionProperties) = preSolution
		HideSolutionNode = FALSE
	EndGlobalSection
	GlobalSection(ExtensibilityGlobals) = postSolution
		SolutionGuid = {675F55F0-339E-4C45-B803-7C4BF2050CF3}
	EndGlobalSection
EndGlobal
